
Microsoft Visual Studio Solution File, Format Version 12.00
# Visual Studio 15
Project("{FAE04EC0-301F-11D3-BF4B-00C04F79EFBC}") = "Assembly-CSharp", "Assembly-CSharp.csproj", "{14904B8C-7180-C7EF-0006-B916FF7F4A9B}"
EndProject
Project("{FAE04EC0-301F-11D3-BF4B-00C04F79EFBC}") = "Assembly-CSharp-firstpass", "Assembly-CSharp-firstpass.csproj", "{77420519-B4E4-D3FC-C66D-7B400DDFB442}"
EndProject
Global
	GlobalSection(SolutionConfigurationPlatforms) = preSolution
		Debug|Any CPU = Debug|Any CPU
		Release|Any CPU = Release|Any CPU
	EndGlobalSection
	GlobalSection(ProjectConfigurationPlatforms) = postSolution
		{14904B8C-7180-C7EF-0006-B916FF7F4A9B}.Debug|Any CPU.ActiveCfg = Debug|Any CPU
		{14904B8C-7180-C7EF-0006-B916FF7F4A9B}.Debug|Any CPU.Build.0 = Debug|Any CPU
		{14904B8C-7180-C7EF-0006-B916FF7F4A9B}.Release|Any CPU.ActiveCfg = Release|Any CPU
		{14904B8C-7180-C7EF-0006-B916FF7F4A9B}.Release|Any CPU.Build.0 = Release|Any CPU
		{77420519-B4E4-D3FC-C66D-7B400DDFB442}.Debug|Any CPU.ActiveCfg = Debug|Any CPU
		{77420519-B4E4-D3FC-C66D-7B400DDFB442}.Debug|Any CPU.Build.0 = Debug|Any CPU
		{77420519-B4E4-D3FC-C66D-7B400DDFB442}.Release|Any CPU.ActiveCfg = Release|Any CPU
		{77420519-B4E4-D3FC-C66D-7B400DDFB442}.Release|Any CPU.Build.0 = Release|Any CPU
	EndGlobalSection
	GlobalSection(SolutionProperties) = preSolution
		HideSolutionNode = FALSE
	EndGlobalSection
EndGlobal
